
Microsoft Visual Studio Solution File, Format Version 12.00
# Visual Studio Version 16
VisualStudioVersion = 16.0.29613.14
MinimumVisualStudioVersion = 10.0.40219.1
Project("{FAE04EC0-301F-11D3-BF4B-00C04F79EFBC}") = "DampCaves", "DampCaves\DampCaves.csproj", "{A970E7C3-FAC5-4211-A6C7-E55738186391}"
EndProject
Global
	GlobalSection(SolutionConfigurationPlatforms) = preSolution
		Debug|Any CPU = Debug|Any CPU
		Release|Any CPU = Release|Any CPU
	EndGlobalSection
	GlobalSection(ProjectConfigurationPlatforms) = postSolution
		{A970E7C3-FAC5-4211-A6C7-E55738186391}.Debug|Any CPU.ActiveCfg = Debug|Any CPU
		{A970E7C3-FAC5-4211-A6C7-E55738186391}.Debug|Any CPU.Build.0 = Debug|Any CPU
		{A970E7C3-FAC5-4211-A6C7-E55738186391}.Release|Any CPU.ActiveCfg = Release|Any CPU
		{A970E7C3-FAC5-4211-A6C7-E55738186391}.Release|Any CPU.Build.0 = Release|Any CPU
	EndGlobalSection
	GlobalSection(SolutionProperties) = preSolution
		HideSolutionNode = FALSE
	EndGlobalSection
	GlobalSection(ExtensibilityGlobals) = postSolution
		SolutionGuid = {AB345E9B-420E-4082-8B44-310270DE4E82}
	EndGlobalSection
EndGlobal
